// !$*UTF8*$!
{
	archiveVersion = 1;
	classes = {
	};
	objectVersion = 50;
	objects = {

/* Begin PBXBuildFile section */
		67B234192401911100876EAC /* AppDelegate.swift in Sources */ = {isa = PBXBuildFile; fileRef = 67B234182401911100876EAC /* AppDelegate.swift */; };
		67B2341B2401911100876EAC /* ViewController.swift in Sources */ = {isa = PBXBuildFile; fileRef = 67B2341A2401911100876EAC /* ViewController.swift */; };
		67B2341D2401911200876EAC /* Assets.xcassets in Resources */ = {isa = PBXBuildFile; fileRef = 67B2341C2401911200876EAC /* Assets.xcassets */; };
		67B234202401911200876EAC /* Main.storyboard in Resources */ = {isa = PBXBuildFile; fileRef = 67B2341E2401911200876EAC /* Main.storyboard */; };
		67B2342C2401911300876EAC /* PhysicsDemoTests.swift in Sources */ = {isa = PBXBuildFile; fileRef = 67B2342B2401911300876EAC /* PhysicsDemoTests.swift */; };
		67B234382401966B00876EAC /* Vector2D.swift in Sources */ = {isa = PBXBuildFile; fileRef = 67B234372401966B00876EAC /* Vector2D.swift */; };
		67B2343A2401969300876EAC /* PhysicsWorld.swift in Sources */ = {isa = PBXBuildFile; fileRef = 67B234392401969300876EAC /* PhysicsWorld.swift */; };
		67B2343C240196A000876EAC /* Boundary.swift in Sources */ = {isa = PBXBuildFile; fileRef = 67B2343B240196A000876EAC /* Boundary.swift */; };
		67B2343E240196B600876EAC /* Ball.swift in Sources */ = {isa = PBXBuildFile; fileRef = 67B2343D240196B600876EAC /* Ball.swift */; };
		67B23440240196E900876EAC /* PhysicsRenderingView.swift in Sources */ = {isa = PBXBuildFile; fileRef = 67B2343F240196E900876EAC /* PhysicsRenderingView.swift */; };
		67B234432401973800876EAC /* Double+Extensions.swift in Sources */ = {isa = PBXBuildFile; fileRef = 67B234422401973800876EAC /* Double+Extensions.swift */; };
		67B2344524019BA900876EAC /* DisplayLink.swift in Sources */ = {isa = PBXBuildFile; fileRef = 67B2344424019BA900876EAC /* DisplayLink.swift */; };
		67B234472401DA1300876EAC /* Numeric+Constrained.swift in Sources */ = {isa = PBXBuildFile; fileRef = 67B234462401DA1300876EAC /* Numeric+Constrained.swift */; };
		67B234492401EB9200876EAC /* NSPoint+Extensions.swift in Sources */ = {isa = PBXBuildFile; fileRef = 67B234482401EB9200876EAC /* NSPoint+Extensions.swift */; };
		67B2344C2401ECAA00876EAC /* InputHandlerPlaceBall.swift in Sources */ = {isa = PBXBuildFile; fileRef = 67B2344B2401ECAA00876EAC /* InputHandlerPlaceBall.swift */; };
		67B2344E2401EFE900876EAC /* InputHandler.swift in Sources */ = {isa = PBXBuildFile; fileRef = 67B2344D2401EFE900876EAC /* InputHandler.swift */; };
		67B234502401F04D00876EAC /* InputHandlerFlingBall.swift in Sources */ = {isa = PBXBuildFile; fileRef = 67B2344F2401F04D00876EAC /* InputHandlerFlingBall.swift */; };
/* End PBXBuildFile section */

/* Begin PBXContainerItemProxy section */
		67B234282401911300876EAC /* PBXContainerItemProxy */ = {
			isa = PBXContainerItemProxy;
			containerPortal = 67B2340D2401911100876EAC /* Project object */;
			proxyType = 1;
			remoteGlobalIDString = 67B234142401911100876EAC;
			remoteInfo = PhysicsDemo;
		};
/* End PBXContainerItemProxy section */

/* Begin PBXFileReference section */
		67B234152401911100876EAC /* PhysicsDemo.app */ = {isa = PBXFileReference; explicitFileType = wrapper.application; includeInIndex = 0; path = PhysicsDemo.app; sourceTree = BUILT_PRODUCTS_DIR; };
		67B234182401911100876EAC /* AppDelegate.swift */ = {isa = PBXFileReference; lastKnownFileType = sourcecode.swift; path = AppDelegate.swift; sourceTree = "<group>"; };
		67B2341A2401911100876EAC /* ViewController.swift */ = {isa = PBXFileReference; lastKnownFileType = sourcecode.swift; path = ViewController.swift; sourceTree = "<group>"; };
		67B2341C2401911200876EAC /* Assets.xcassets */ = {isa = PBXFileReference; lastKnownFileType = folder.assetcatalog; path = Assets.xcassets; sourceTree = "<group>"; };
		67B2341F2401911200876EAC /* Base */ = {isa = PBXFileReference; lastKnownFileType = file.storyboard; name = Base; path = Base.lproj/Main.storyboard; sourceTree = "<group>"; };
		67B234212401911200876EAC /* Info.plist */ = {isa = PBXFileReference; lastKnownFileType = text.plist.xml; path = Info.plist; sourceTree = "<group>"; };
		67B234222401911200876EAC /* PhysicsDemo.entitlements */ = {isa = PBXFileReference; lastKnownFileType = text.plist.entitlements; path = PhysicsDemo.entitlements; sourceTree = "<group>"; };
		67B234272401911300876EAC /* PhysicsDemoTests.xctest */ = {isa = PBXFileReference; explicitFileType = wrapper.cfbundle; includeInIndex = 0; path = PhysicsDemoTests.xctest; sourceTree = BUILT_PRODUCTS_DIR; };
		67B2342B2401911300876EAC /* PhysicsDemoTests.swift */ = {isa = PBXFileReference; lastKnownFileType = sourcecode.swift; path = PhysicsDemoTests.swift; sourceTree = "<group>"; };
		67B2342D2401911300876EAC /* Info.plist */ = {isa = PBXFileReference; lastKnownFileType = text.plist.xml; path = Info.plist; sourceTree = "<group>"; };
		67B234372401966B00876EAC /* Vector2D.swift */ = {isa = PBXFileReference; lastKnownFileType = sourcecode.swift; path = Vector2D.swift; sourceTree = "<group>"; };
		67B234392401969300876EAC /* PhysicsWorld.swift */ = {isa = PBXFileReference; lastKnownFileType = sourcecode.swift; path = PhysicsWorld.swift; sourceTree = "<group>"; };
		67B2343B240196A000876EAC /* Boundary.swift */ = {isa = PBXFileReference; lastKnownFileType = sourcecode.swift; path = Boundary.swift; sourceTree = "<group>"; };
		67B2343D240196B600876EAC /* Ball.swift */ = {isa = PBXFileReference; lastKnownFileType = sourcecode.swift; path = Ball.swift; sourceTree = "<group>"; };
		67B2343F240196E900876EAC /* PhysicsRenderingView.swift */ = {isa = PBXFileReference; lastKnownFileType = sourcecode.swift; path = PhysicsRenderingView.swift; sourceTree = "<group>"; };
		67B234422401973800876EAC /* Double+Extensions.swift */ = {isa = PBXFileReference; lastKnownFileType = sourcecode.swift; path = "Double+Extensions.swift"; sourceTree = "<group>"; };
		67B2344424019BA900876EAC /* DisplayLink.swift */ = {isa = PBXFileReference; lastKnownFileType = sourcecode.swift; path = DisplayLink.swift; sourceTree = "<group>"; };
		67B234462401DA1300876EAC /* Numeric+Constrained.swift */ = {isa = PBXFileReference; lastKnownFileType = sourcecode.swift; path = "Numeric+Constrained.swift"; sourceTree = "<group>"; };
		67B234482401EB9200876EAC /* NSPoint+Extensions.swift */ = {isa = PBXFileReference; lastKnownFileType = sourcecode.swift; path = "NSPoint+Extensions.swift"; sourceTree = "<group>"; };
		67B2344B2401ECAA00876EAC /* InputHandlerPlaceBall.swift */ = {isa = PBXFileReference; lastKnownFileType = sourcecode.swift; path = InputHandlerPlaceBall.swift; sourceTree = "<group>"; };
		67B2344D2401EFE900876EAC /* InputHandler.swift */ = {isa = PBXFileReference; lastKnownFileType = sourcecode.swift; path = InputHandler.swift; sourceTree = "<group>"; };
		67B2344F2401F04D00876EAC /* InputHandlerFlingBall.swift */ = {isa = PBXFileReference; lastKnownFileType = sourcecode.swift; path = InputHandlerFlingBall.swift; sourceTree = "<group>"; };
/* End PBXFileReference section */

/* Begin PBXFrameworksBuildPhase section */
		67B234122401911100876EAC /* Frameworks */ = {
			isa = PBXFrameworksBuildPhase;
			buildActionMask = 2147483647;
			files = (
			);
			runOnlyForDeploymentPostprocessing = 0;
		};
		67B234242401911300876EAC /* Frameworks */ = {
			isa = PBXFrameworksBuildPhase;
			buildActionMask = 2147483647;
			files = (
			);
			runOnlyForDeploymentPostprocessing = 0;
		};
/* End PBXFrameworksBuildPhase section */

/* Begin PBXGroup section */
		67B2340C2401911100876EAC = {
			isa = PBXGroup;
			children = (
				67B234172401911100876EAC /* PhysicsDemo */,
				67B2342A2401911300876EAC /* PhysicsDemoTests */,
				67B234162401911100876EAC /* Products */,
			);
			sourceTree = "<group>";
		};
		67B234162401911100876EAC /* Products */ = {
			isa = PBXGroup;
			children = (
				67B234152401911100876EAC /* PhysicsDemo.app */,
				67B234272401911300876EAC /* PhysicsDemoTests.xctest */,
			);
			name = Products;
			sourceTree = "<group>";
		};
		67B234172401911100876EAC /* PhysicsDemo */ = {
			isa = PBXGroup;
			children = (
				67B2344424019BA900876EAC /* DisplayLink.swift */,
				67B234412401972800876EAC /* Extensions */,
				67B234362401965500876EAC /* Physics System */,
				67B234182401911100876EAC /* AppDelegate.swift */,
				67B2341A2401911100876EAC /* ViewController.swift */,
				67B2344A2401EC6400876EAC /* Input Handlers */,
				67B2343F240196E900876EAC /* PhysicsRenderingView.swift */,
				67B2341C2401911200876EAC /* Assets.xcassets */,
				67B2341E2401911200876EAC /* Main.storyboard */,
				67B234212401911200876EAC /* Info.plist */,
				67B234222401911200876EAC /* PhysicsDemo.entitlements */,
			);
			path = PhysicsDemo;
			sourceTree = "<group>";
		};
		67B2342A2401911300876EAC /* PhysicsDemoTests */ = {
			isa = PBXGroup;
			children = (
				67B2342B2401911300876EAC /* PhysicsDemoTests.swift */,
				67B2342D2401911300876EAC /* Info.plist */,
			);
			path = PhysicsDemoTests;
			sourceTree = "<group>";
		};
		67B234362401965500876EAC /* Physics System */ = {
			isa = PBXGroup;
			children = (
				67B234372401966B00876EAC /* Vector2D.swift */,
				67B234392401969300876EAC /* PhysicsWorld.swift */,
				67B2343B240196A000876EAC /* Boundary.swift */,
				67B2343D240196B600876EAC /* Ball.swift */,
			);
			path = "Physics System";
			sourceTree = "<group>";
		};
		67B234412401972800876EAC /* Extensions */ = {
			isa = PBXGroup;
			children = (
				67B234422401973800876EAC /* Double+Extensions.swift */,
				67B234462401DA1300876EAC /* Numeric+Constrained.swift */,
				67B234482401EB9200876EAC /* NSPoint+Extensions.swift */,
			);
			path = Extensions;
			sourceTree = "<group>";
		};
		67B2344A2401EC6400876EAC /* Input Handlers */ = {
			isa = PBXGroup;
			children = (
				67B2344D2401EFE900876EAC /* InputHandler.swift */,
				67B2344B2401ECAA00876EAC /* InputHandlerPlaceBall.swift */,
				67B2344F2401F04D00876EAC /* InputHandlerFlingBall.swift */,
			);
			path = "Input Handlers";
			sourceTree = "<group>";
		};
/* End PBXGroup section */

/* Begin PBXNativeTarget section */
		67B234142401911100876EAC /* PhysicsDemo */ = {
			isa = PBXNativeTarget;
			buildConfigurationList = 67B234302401911300876EAC /* Build configuration list for PBXNativeTarget "PhysicsDemo" */;
			buildPhases = (
				67B234112401911100876EAC /* Sources */,
				67B234122401911100876EAC /* Frameworks */,
				67B234132401911100876EAC /* Resources */,
			);
			buildRules = (
			);
			dependencies = (
			);
			name = PhysicsDemo;
			productName = PhysicsDemo;
			productReference = 67B234152401911100876EAC /* PhysicsDemo.app */;
			productType = "com.apple.product-type.application";
		};
		67B234262401911300876EAC /* PhysicsDemoTests */ = {
			isa = PBXNativeTarget;
			buildConfigurationList = 67B234332401911300876EAC /* Build configuration list for PBXNativeTarget "PhysicsDemoTests" */;
			buildPhases = (
				67B234232401911300876EAC /* Sources */,
				67B234242401911300876EAC /* Frameworks */,
				67B234252401911300876EAC /* Resources */,
			);
			buildRules = (
			);
			dependencies = (
				67B234292401911300876EAC /* PBXTargetDependency */,
			);
			name = PhysicsDemoTests;
			productName = PhysicsDemoTests;
			productReference = 67B234272401911300876EAC /* PhysicsDemoTests.xctest */;
			productType = "com.apple.product-type.bundle.unit-test";
		};
/* End PBXNativeTarget section */

/* Begin PBXProject section */
		67B2340D2401911100876EAC /* Project object */ = {
			isa = PBXProject;
			attributes = {
				LastSwiftUpdateCheck = 1120;
				LastUpgradeCheck = 1120;
				ORGANIZATIONNAME = "Steve Barnegren";
				TargetAttributes = {
					67B234142401911100876EAC = {
						CreatedOnToolsVersion = 11.2.1;
					};
					67B234262401911300876EAC = {
						CreatedOnToolsVersion = 11.2.1;
						TestTargetID = 67B234142401911100876EAC;
					};
				};
			};
			buildConfigurationList = 67B234102401911100876EAC /* Build configuration list for PBXProject "PhysicsDemo" */;
			compatibilityVersion = "Xcode 9.3";
			developmentRegion = en;
			hasScannedForEncodings = 0;
			knownRegions = (
				en,
				Base,
			);
			mainGroup = 67B2340C2401911100876EAC;
			productRefGroup = 67B234162401911100876EAC /* Products */;
			projectDirPath = "";
			projectRoot = "";
			targets = (
				67B234142401911100876EAC /* PhysicsDemo */,
				67B234262401911300876EAC /* PhysicsDemoTests */,
			);
		};
/* End PBXProject section */

/* Begin PBXResourcesBuildPhase section */
		67B234132401911100876EAC /* Resources */ = {
			isa = PBXResourcesBuildPhase;
			buildActionMask = 2147483647;
			files = (
				67B2341D2401911200876EAC /* Assets.xcassets in Resources */,
				67B234202401911200876EAC /* Main.storyboard in Resources */,
			);
			runOnlyForDeploymentPostprocessing = 0;
		};
		67B234252401911300876EAC /* Resources */ = {
			isa = PBXResourcesBuildPhase;
			buildActionMask = 2147483647;
			files = (
			);
			runOnlyForDeploymentPostprocessing = 0;
		};
/* End PBXResourcesBuildPhase section */

/* Begin PBXSourcesBuildPhase section */
		67B234112401911100876EAC /* Sources */ = {
			isa = PBXSourcesBuildPhase;
			buildActionMask = 2147483647;
			files = (
				67B2344C2401ECAA00876EAC /* InputHandlerPlaceBall.swift in Sources */,
				67B234472401DA1300876EAC /* Numeric+Constrained.swift in Sources */,
				67B234492401EB9200876EAC /* NSPoint+Extensions.swift in Sources */,
				67B234432401973800876EAC /* Double+Extensions.swift in Sources */,
				67B2344524019BA900876EAC /* DisplayLink.swift in Sources */,
				67B2343E240196B600876EAC /* Ball.swift in Sources */,
				67B2343A2401969300876EAC /* PhysicsWorld.swift in Sources */,
				67B2341B2401911100876EAC /* ViewController.swift in Sources */,
				67B234382401966B00876EAC /* Vector2D.swift in Sources */,
				67B234192401911100876EAC /* AppDelegate.swift in Sources */,
				67B2343C240196A000876EAC /* Boundary.swift in Sources */,
				67B23440240196E900876EAC /* PhysicsRenderingView.swift in Sources */,
				67B2344E2401EFE900876EAC /* InputHandler.swift in Sources */,
				67B234502401F04D00876EAC /* InputHandlerFlingBall.swift in Sources */,
			);
			runOnlyForDeploymentPostprocessing = 0;
		};
		67B234232401911300876EAC /* Sources */ = {
			isa = PBXSourcesBuildPhase;
			buildActionMask = 2147483647;
			files = (
				67B2342C2401911300876EAC /* PhysicsDemoTests.swift in Sources */,
			);
			runOnlyForDeploymentPostprocessing = 0;
		};
/* End PBXSourcesBuildPhase section */

/* Begin PBXTargetDependency section */
		67B234292401911300876EAC /* PBXTargetDependency */ = {
			isa = PBXTargetDependency;
			target = 67B234142401911100876EAC /* PhysicsDemo */;
			targetProxy = 67B234282401911300876EAC /* PBXContainerItemProxy */;
		};
/* End PBXTargetDependency section */

/* Begin PBXVariantGroup section */
		67B2341E2401911200876EAC /* Main.storyboard */ = {
			isa = PBXVariantGroup;
			children = (
				67B2341F2401911200876EAC /* Base */,
			);
			name = Main.storyboard;
			sourceTree = "<group>";
		};
/* End PBXVariantGroup section */

/* Begin XCBuildConfiguration section */
		67B2342E2401911300876EAC /* Debug */ = {
			isa = XCBuildConfiguration;
			buildSettings = {
				ALWAYS_SEARCH_USER_PATHS = NO;
				CLANG_ANALYZER_NONNULL = YES;
				CLANG_ANALYZER_NUMBER_OBJECT_CONVERSION = YES_AGGRESSIVE;
				CLANG_CXX_LANGUAGE_STANDARD = "gnu++14";
				CLANG_CXX_LIBRARY = "libc++";
				CLANG_ENABLE_MODULES = YES;
				CLANG_ENABLE_OBJC_ARC = YES;
				CLANG_ENABLE_OBJC_WEAK = YES;
				CLANG_WARN_BLOCK_CAPTURE_AUTORELEASING = YES;
				CLANG_WARN_BOOL_CONVERSION = YES;
				CLANG_WARN_COMMA = YES;
				CLANG_WARN_CONSTANT_CONVERSION = YES;
				CLANG_WARN_DEPRECATED_OBJC_IMPLEMENTATIONS = YES;
				CLANG_WARN_DIRECT_OBJC_ISA_USAGE = YES_ERROR;
				CLANG_WARN_DOCUMENTATION_COMMENTS = YES;
				CLANG_WARN_EMPTY_BODY = YES;
				CLANG_WARN_ENUM_CONVERSION = YES;
				CLANG_WARN_INFINITE_RECURSION = YES;
				CLANG_WARN_INT_CONVERSION = YES;
				CLANG_WARN_NON_LITERAL_NULL_CONVERSION = YES;
				CLANG_WARN_OBJC_IMPLICIT_RETAIN_SELF = YES;
				CLANG_WARN_OBJC_LITERAL_CONVERSION = YES;
				CLANG_WARN_OBJC_ROOT_CLASS = YES_ERROR;
				CLANG_WARN_RANGE_LOOP_ANALYSIS = YES;
				CLANG_WARN_STRICT_PROTOTYPES = YES;
				CLANG_WARN_SUSPICIOUS_MOVE = YES;
				CLANG_WARN_UNGUARDED_AVAILABILITY = YES_AGGRESSIVE;
				CLANG_WARN_UNREACHABLE_CODE = YES;
				CLANG_WARN__DUPLICATE_METHOD_MATCH = YES;
				COPY_PHASE_STRIP = NO;
				DEBUG_INFORMATION_FORMAT = dwarf;
				ENABLE_STRICT_OBJC_MSGSEND = YES;
				ENABLE_TESTABILITY = YES;
				GCC_C_LANGUAGE_STANDARD = gnu11;
				GCC_DYNAMIC_NO_PIC = NO;
				GCC_NO_COMMON_BLOCKS = YES;
				GCC_OPTIMIZATION_LEVEL = 0;
				GCC_PREPROCESSOR_DEFINITIONS = (
					"DEBUG=1",
					"$(inherited)",
				);
				GCC_WARN_64_TO_32_BIT_CONVERSION = YES;
				GCC_WARN_ABOUT_RETURN_TYPE = YES_ERROR;
				GCC_WARN_UNDECLARED_SELECTOR = YES;
				GCC_WARN_UNINITIALIZED_AUTOS = YES_AGGRESSIVE;
				GCC_WARN_UNUSED_FUNCTION = YES;
				GCC_WARN_UNUSED_VARIABLE = YES;
				MACOSX_DEPLOYMENT_TARGET = 10.14;
				MTL_ENABLE_DEBUG_INFO = INCLUDE_SOURCE;
				MTL_FAST_MATH = YES;
				ONLY_ACTIVE_ARCH = YES;
				SDKROOT = macosx;
				SWIFT_ACTIVE_COMPILATION_CONDITIONS = DEBUG;
				SWIFT_OPTIMIZATION_LEVEL = "-Onone";
			};
			name = Debug;
		};
		67B2342F2401911300876EAC /* Release */ = {
			isa = XCBuildConfiguration;
			buildSettings = {
				ALWAYS_SEARCH_USER_PATHS = NO;
				CLANG_ANALYZER_NONNULL = YES;
				CLANG_ANALYZER_NUMBER_OBJECT_CONVERSION = YES_AGGRESSIVE;
				CLANG_CXX_LANGUAGE_STANDARD = "gnu++14";
				CLANG_CXX_LIBRARY = "libc++";
				CLANG_ENABLE_MODULES = YES;
				CLANG_ENABLE_OBJC_ARC = YES;
				CLANG_ENABLE_OBJC_WEAK = YES;
				CLANG_WARN_BLOCK_CAPTURE_AUTORELEASING = YES;
				CLANG_WARN_BOOL_CONVERSION = YES;
				CLANG_WARN_COMMA = YES;
				CLANG_WARN_CONSTANT_CONVERSION = YES;
				CLANG_WARN_DEPRECATED_OBJC_IMPLEMENTATIONS = YES;
				CLANG_WARN_DIRECT_OBJC_ISA_USAGE = YES_ERROR;
				CLANG_WARN_DOCUMENTATION_COMMENTS = YES;
				CLANG_WARN_EMPTY_BODY = YES;
				CLANG_WARN_ENUM_CONVERSION = YES;
				CLANG_WARN_INFINITE_RECURSION = YES;
				CLANG_WARN_INT_CONVERSION = YES;
				CLANG_WARN_NON_LITERAL_NULL_CONVERSION = YES;
				CLANG_WARN_OBJC_IMPLICIT_RETAIN_SELF = YES;
				CLANG_WARN_OBJC_LITERAL_CONVERSION = YES;
				CLANG_WARN_OBJC_ROOT_CLASS = YES_ERROR;
				CLANG_WARN_RANGE_LOOP_ANALYSIS = YES;
				CLANG_WARN_STRICT_PROTOTYPES = YES;
				CLANG_WARN_SUSPICIOUS_MOVE = YES;
				CLANG_WARN_UNGUARDED_AVAILABILITY = YES_AGGRESSIVE;
				CLANG_WARN_UNREACHABLE_CODE = YES;
				CLANG_WARN__DUPLICATE_METHOD_MATCH = YES;
				COPY_PHASE_STRIP = NO;
				DEBUG_INFORMATION_FORMAT = "dwarf-with-dsym";
				ENABLE_NS_ASSERTIONS = NO;
				ENABLE_STRICT_OBJC_MSGSEND = YES;
				GCC_C_LANGUAGE_STANDARD = gnu11;
				GCC_NO_COMMON_BLOCKS = YES;
				GCC_WARN_64_TO_32_BIT_CONVERSION = YES;
				GCC_WARN_ABOUT_RETURN_TYPE = YES_ERROR;
				GCC_WARN_UNDECLARED_SELECTOR = YES;
				GCC_WARN_UNINITIALIZED_AUTOS = YES_AGGRESSIVE;
				GCC_WARN_UNUSED_FUNCTION = YES;
				GCC_WARN_UNUSED_VARIABLE = YES;
				MACOSX_DEPLOYMENT_TARGET = 10.14;
				MTL_ENABLE_DEBUG_INFO = NO;
				MTL_FAST_MATH = YES;
				SDKROOT = macosx;
				SWIFT_COMPILATION_MODE = wholemodule;
				SWIFT_OPTIMIZATION_LEVEL = "-O";
			};
			name = Release;
		};
		67B234312401911300876EAC /* Debug */ = {
			isa = XCBuildConfiguration;
			buildSettings = {
				ASSETCATALOG_COMPILER_APPICON_NAME = AppIcon;
				CODE_SIGN_ENTITLEMENTS = PhysicsDemo/PhysicsDemo.entitlements;
				CODE_SIGN_STYLE = Automatic;
				COMBINE_HIDPI_IMAGES = YES;
				DEVELOPMENT_TEAM = VAA3W4LPY2;
				ENABLE_HARDENED_RUNTIME = YES;
				INFOPLIST_FILE = PhysicsDemo/Info.plist;
				LD_RUNPATH_SEARCH_PATHS = (
					"$(inherited)",
					"@executable_path/../Frameworks",
				);
				PRODUCT_BUNDLE_IDENTIFIER = stevebarnegren.PhysicsDemo;
				PRODUCT_NAME = "$(TARGET_NAME)";
				SWIFT_VERSION = 5.0;
			};
			name = Debug;
		};
		67B234322401911300876EAC /* Release */ = {
			isa = XCBuildConfiguration;
			buildSettings = {
				ASSETCATALOG_COMPILER_APPICON_NAME = AppIcon;
				CODE_SIGN_ENTITLEMENTS = PhysicsDemo/PhysicsDemo.entitlements;
				CODE_SIGN_STYLE = Automatic;
				COMBINE_HIDPI_IMAGES = YES;
				DEVELOPMENT_TEAM = VAA3W4LPY2;
				ENABLE_HARDENED_RUNTIME = YES;
				INFOPLIST_FILE = PhysicsDemo/Info.plist;
				LD_RUNPATH_SEARCH_PATHS = (
					"$(inherited)",
					"@executable_path/../Frameworks",
				);
				PRODUCT_BUNDLE_IDENTIFIER = stevebarnegren.PhysicsDemo;
				PRODUCT_NAME = "$(TARGET_NAME)";
				SWIFT_VERSION = 5.0;
			};
			name = Release;
		};
		67B234342401911300876EAC /* Debug */ = {
			isa = XCBuildConfiguration;
			buildSettings = {
				ALWAYS_EMBED_SWIFT_STANDARD_LIBRARIES = YES;
				BUNDLE_LOADER = "$(TEST_HOST)";
				CODE_SIGN_STYLE = Automatic;
				COMBINE_HIDPI_IMAGES = YES;
				DEVELOPMENT_TEAM = VAA3W4LPY2;
				INFOPLIST_FILE = PhysicsDemoTests/Info.plist;
				LD_RUNPATH_SEARCH_PATHS = (
					"$(inherited)",
					"@executable_path/../Frameworks",
					"@loader_path/../Frameworks",
				);
				MACOSX_DEPLOYMENT_TARGET = 10.14;
				PRODUCT_BUNDLE_IDENTIFIER = stevebarnegren.PhysicsDemoTests;
				PRODUCT_NAME = "$(TARGET_NAME)";
				SWIFT_VERSION = 5.0;
				TEST_HOST = "$(BUILT_PRODUCTS_DIR)/PhysicsDemo.app/Contents/MacOS/PhysicsDemo";
			};
			name = Debug;
		};
		67B234352401911300876EAC /* Release */ = {
			isa = XCBuildConfiguration;
			buildSettings = {
				ALWAYS_EMBED_SWIFT_STANDARD_LIBRARIES = YES;
				BUNDLE_LOADER = "$(TEST_HOST)";
				CODE_SIGN_STYLE = Automatic;
				COMBINE_HIDPI_IMAGES = YES;
				DEVELOPMENT_TEAM = VAA3W4LPY2;
				INFOPLIST_FILE = PhysicsDemoTests/Info.plist;
				LD_RUNPATH_SEARCH_PATHS = (
					"$(inherited)",
					"@executable_path/../Frameworks",
					"@loader_path/../Frameworks",
				);
				MACOSX_DEPLOYMENT_TARGET = 10.14;
				PRODUCT_BUNDLE_IDENTIFIER = stevebarnegren.PhysicsDemoTests;
				PRODUCT_NAME = "$(TARGET_NAME)";
				SWIFT_VERSION = 5.0;
				TEST_HOST = "$(BUILT_PRODUCTS_DIR)/PhysicsDemo.app/Contents/MacOS/PhysicsDemo";
			};
			name = Release;
		};
/* End XCBuildConfiguration section */

/* Begin XCConfigurationList section */
		67B234102401911100876EAC /* Build configuration list for PBXProject "PhysicsDemo" */ = {
			isa = XCConfigurationList;
			buildConfigurations = (
				67B2342E2401911300876EAC /* Debug */,
				67B2342F2401911300876EAC /* Release */,
			);
			defaultConfigurationIsVisible = 0;
			defaultConfigurationName = Release;
		};
		67B234302401911300876EAC /* Build configuration list for PBXNativeTarget "PhysicsDemo" */ = {
			isa = XCConfigurationList;
			buildConfigurations = (
				67B234312401911300876EAC /* Debug */,
				67B234322401911300876EAC /* Release */,
			);
			defaultConfigurationIsVisible = 0;
			defaultConfigurationName = Release;
		};
		67B234332401911300876EAC /* Build configuration list for PBXNativeTarget "PhysicsDemoTests" */ = {
			isa = XCConfigurationList;
			buildConfigurations = (
				67B234342401911300876EAC /* Debug */,
				67B234352401911300876EAC /* Release */,
			);
			defaultConfigurationIsVisible = 0;
			defaultConfigurationName = Release;
		};
/* End XCConfigurationList section */
	};
	rootObject = 67B2340D2401911100876EAC /* Project object */;
}
